
Microsoft Visual Studio Solution File, Format Version 12.00
# Visual Studio 2013
VisualStudioVersion = 12.0.30501.0
MinimumVisualStudioVersion = 10.0.40219.1
Project("{2150E333-8FDC-42A3-9474-1A3956D46DE8}") = "internal", "internal", "{2F7E239C-906B-4C29-BCE3-9AB91CD67EA7}"
EndProject
Project("{FAE04EC0-301F-11D3-BF4B-00C04F79EFBC}") = "StorageTestLib", "..\AzCopy\dmlib\internal\test\StorageTestLib\StorageTestLib.csproj", "{4F2832DD-E6C6-48B7-819A-AE06BFCAFA7C}"
EndProject
Project("{FAE04EC0-301F-11D3-BF4B-00C04F79EFBC}") = "MsTestLib", "..\AzCopy\dmlib\internal\test\TestFramework\MsTest\MsTestLib\MsTestLib.csproj", "{AC39B50F-DC27-4411-9ED4-A4A137190ACB}"
EndProject
Project("{FAE04EC0-301F-11D3-BF4B-00C04F79EFBC}") = "CLITest", "CLITest\CLITest.csproj", "{2A32B519-4847-4FA2-8D1D-D3523BC535EC}"
EndProject
Project("{2150E333-8FDC-42A3-9474-1A3956D46DE8}") = ".nuget", ".nuget", "{8A65F256-7709-448F-A58B-E1F5A6138760}"
	ProjectSection(SolutionItems) = preProject
		.nuget\NuGet.Config = .nuget\NuGet.Config
		.nuget\NuGet.exe = .nuget\NuGet.exe
		.nuget\NuGet.targets = .nuget\NuGet.targets
	EndProjectSection
EndProject
Project("{FAE04EC0-301F-11D3-BF4B-00C04F79EFBC}") = "MsTest2", "..\azcopy\dmlib\internal\test\TestFramework\MsTest\MsTest2\MsTest2.csproj", "{A7EDCC64-0549-4C78-ACED-0CA7B605D8FB}"
EndProject
Global
	GlobalSection(SolutionConfigurationPlatforms) = preSolution
		Debug|Any CPU = Debug|Any CPU
		Release|Any CPU = Release|Any CPU
	EndGlobalSection
	GlobalSection(ProjectConfigurationPlatforms) = postSolution
		{4F2832DD-E6C6-48B7-819A-AE06BFCAFA7C}.Debug|Any CPU.ActiveCfg = Debug|Any CPU
		{4F2832DD-E6C6-48B7-819A-AE06BFCAFA7C}.Debug|Any CPU.Build.0 = Debug|Any CPU
		{4F2832DD-E6C6-48B7-819A-AE06BFCAFA7C}.Release|Any CPU.ActiveCfg = Release|Any CPU
		{4F2832DD-E6C6-48B7-819A-AE06BFCAFA7C}.Release|Any CPU.Build.0 = Release|Any CPU
		{AC39B50F-DC27-4411-9ED4-A4A137190ACB}.Debug|Any CPU.ActiveCfg = Debug|Any CPU
		{AC39B50F-DC27-4411-9ED4-A4A137190ACB}.Debug|Any CPU.Build.0 = Debug|Any CPU
		{AC39B50F-DC27-4411-9ED4-A4A137190ACB}.Release|Any CPU.ActiveCfg = Release|Any CPU
		{AC39B50F-DC27-4411-9ED4-A4A137190ACB}.Release|Any CPU.Build.0 = Release|Any CPU
		{2A32B519-4847-4FA2-8D1D-D3523BC535EC}.Debug|Any CPU.ActiveCfg = Debug|Any CPU
		{2A32B519-4847-4FA2-8D1D-D3523BC535EC}.Debug|Any CPU.Build.0 = Debug|Any CPU
		{2A32B519-4847-4FA2-8D1D-D3523BC535EC}.Release|Any CPU.ActiveCfg = Release|Any CPU
		{2A32B519-4847-4FA2-8D1D-D3523BC535EC}.Release|Any CPU.Build.0 = Release|Any CPU
		{A7EDCC64-0549-4C78-ACED-0CA7B605D8FB}.Debug|Any CPU.ActiveCfg = Debug|Any CPU
		{A7EDCC64-0549-4C78-ACED-0CA7B605D8FB}.Debug|Any CPU.Build.0 = Debug|Any CPU
		{A7EDCC64-0549-4C78-ACED-0CA7B605D8FB}.Release|Any CPU.ActiveCfg = Release|Any CPU
		{A7EDCC64-0549-4C78-ACED-0CA7B605D8FB}.Release|Any CPU.Build.0 = Release|Any CPU
	EndGlobalSection
	GlobalSection(SolutionProperties) = preSolution
		HideSolutionNode = FALSE
	EndGlobalSection
	GlobalSection(NestedProjects) = preSolution
		{4F2832DD-E6C6-48B7-819A-AE06BFCAFA7C} = {2F7E239C-906B-4C29-BCE3-9AB91CD67EA7}
		{AC39B50F-DC27-4411-9ED4-A4A137190ACB} = {2F7E239C-906B-4C29-BCE3-9AB91CD67EA7}
		{A7EDCC64-0549-4C78-ACED-0CA7B605D8FB} = {2F7E239C-906B-4C29-BCE3-9AB91CD67EA7}
	EndGlobalSection
EndGlobal
