
Microsoft Visual Studio Solution File, Format Version 12.00
# Visual Studio 15
VisualStudioVersion = 15.0.27703.2042
MinimumVisualStudioVersion = 10.0.40219.1
Project("{9A19103F-16F7-4668-BE54-9A1E7A4F7556}") = "MsTestLib", "MsTestLib\MsTestLib.csproj", "{AA80D7E8-C0C1-4817-9014-D0D77EE84654}"
EndProject
Project("{9A19103F-16F7-4668-BE54-9A1E7A4F7556}") = "MsTest2", "MsTest2\MsTest2.csproj", "{496A3CE3-8B09-472B-97EB-BB888E4621D3}"
EndProject
Project("{9A19103F-16F7-4668-BE54-9A1E7A4F7556}") = "StorageTestLib", "StorageTestLib\StorageTestLib.csproj", "{84574413-2841-42FC-BAC7-6FD846B6D12D}"
EndProject
Project("{9A19103F-16F7-4668-BE54-9A1E7A4F7556}") = "CLITest", "CLITest\CLITest.csproj", "{B24FC4E0-7127-49D4-8519-6EE6DF233DDB}"
EndProject
Global
	GlobalSection(SolutionConfigurationPlatforms) = preSolution
		Debug|Any CPU = Debug|Any CPU
		Release|Any CPU = Release|Any CPU
	EndGlobalSection
	GlobalSection(ProjectConfigurationPlatforms) = postSolution
		{AA80D7E8-C0C1-4817-9014-D0D77EE84654}.Debug|Any CPU.ActiveCfg = Debug|Any CPU
		{AA80D7E8-C0C1-4817-9014-D0D77EE84654}.Debug|Any CPU.Build.0 = Debug|Any CPU
		{AA80D7E8-C0C1-4817-9014-D0D77EE84654}.Release|Any CPU.ActiveCfg = Release|Any CPU
		{AA80D7E8-C0C1-4817-9014-D0D77EE84654}.Release|Any CPU.Build.0 = Release|Any CPU
		{496A3CE3-8B09-472B-97EB-BB888E4621D3}.Debug|Any CPU.ActiveCfg = Debug|Any CPU
		{496A3CE3-8B09-472B-97EB-BB888E4621D3}.Debug|Any CPU.Build.0 = Debug|Any CPU
		{496A3CE3-8B09-472B-97EB-BB888E4621D3}.Release|Any CPU.ActiveCfg = Release|Any CPU
		{496A3CE3-8B09-472B-97EB-BB888E4621D3}.Release|Any CPU.Build.0 = Release|Any CPU
		{84574413-2841-42FC-BAC7-6FD846B6D12D}.Debug|Any CPU.ActiveCfg = Debug|Any CPU
		{84574413-2841-42FC-BAC7-6FD846B6D12D}.Debug|Any CPU.Build.0 = Debug|Any CPU
		{84574413-2841-42FC-BAC7-6FD846B6D12D}.Release|Any CPU.ActiveCfg = Release|Any CPU
		{84574413-2841-42FC-BAC7-6FD846B6D12D}.Release|Any CPU.Build.0 = Release|Any CPU
		{B24FC4E0-7127-49D4-8519-6EE6DF233DDB}.Debug|Any CPU.ActiveCfg = Debug|Any CPU
		{B24FC4E0-7127-49D4-8519-6EE6DF233DDB}.Debug|Any CPU.Build.0 = Debug|Any CPU
		{B24FC4E0-7127-49D4-8519-6EE6DF233DDB}.Release|Any CPU.ActiveCfg = Release|Any CPU
		{B24FC4E0-7127-49D4-8519-6EE6DF233DDB}.Release|Any CPU.Build.0 = Release|Any CPU
	EndGlobalSection
	GlobalSection(SolutionProperties) = preSolution
		HideSolutionNode = FALSE
	EndGlobalSection
	GlobalSection(ExtensibilityGlobals) = postSolution
		SolutionGuid = {49329A3E-0438-42B8-A4AA-0B16FE40E7DA}
	EndGlobalSection
EndGlobal
